
Microsoft Visual Studio Solution File, Format Version 12.00
# Visual Studio Version 17
VisualStudioVersion = 17.12.35514.174
MinimumVisualStudioVersion = 10.0.40219.1
Project("{FAE04EC0-301F-11D3-BF4B-00C04F79EFBC}") = "Day2_1_LevelReportSafety", "Day2_1_LevelReportSafety\Day2_1_LevelReportSafety.csproj", "{69F50EC4-17EF-4179-AB02-37C43C2C4435}"
EndProject
Project("{FAE04EC0-301F-11D3-BF4B-00C04F79EFBC}") = "Day1_1_TotalListDistance", "Day1_1_TotalListDistance\Day1_1_TotalListDistance.csproj", "{4668A929-AFEF-4735-8862-25B1E4923771}"
EndProject
Project("{FAE04EC0-301F-11D3-BF4B-00C04F79EFBC}") = "Day1_2_ListSimilarityScore", "Day1_2_ListSimilarityScore\Day1_2_ListSimilarityScore.csproj", "{09AAA0B1-B479-4F72-9DFF-AC973B1AC7C5}"
EndProject
Global
	GlobalSection(SolutionConfigurationPlatforms) = preSolution
		Debug|Any CPU = Debug|Any CPU
		Release|Any CPU = Release|Any CPU
	EndGlobalSection
	GlobalSection(ProjectConfigurationPlatforms) = postSolution
		{69F50EC4-17EF-4179-AB02-37C43C2C4435}.Debug|Any CPU.ActiveCfg = Debug|Any CPU
		{69F50EC4-17EF-4179-AB02-37C43C2C4435}.Debug|Any CPU.Build.0 = Debug|Any CPU
		{69F50EC4-17EF-4179-AB02-37C43C2C4435}.Release|Any CPU.ActiveCfg = Release|Any CPU
		{69F50EC4-17EF-4179-AB02-37C43C2C4435}.Release|Any CPU.Build.0 = Release|Any CPU
		{4668A929-AFEF-4735-8862-25B1E4923771}.Debug|Any CPU.ActiveCfg = Debug|Any CPU
		{4668A929-AFEF-4735-8862-25B1E4923771}.Debug|Any CPU.Build.0 = Debug|Any CPU
		{4668A929-AFEF-4735-8862-25B1E4923771}.Release|Any CPU.ActiveCfg = Release|Any CPU
		{4668A929-AFEF-4735-8862-25B1E4923771}.Release|Any CPU.Build.0 = Release|Any CPU
		{09AAA0B1-B479-4F72-9DFF-AC973B1AC7C5}.Debug|Any CPU.ActiveCfg = Debug|Any CPU
		{09AAA0B1-B479-4F72-9DFF-AC973B1AC7C5}.Debug|Any CPU.Build.0 = Debug|Any CPU
		{09AAA0B1-B479-4F72-9DFF-AC973B1AC7C5}.Release|Any CPU.ActiveCfg = Release|Any CPU
		{09AAA0B1-B479-4F72-9DFF-AC973B1AC7C5}.Release|Any CPU.Build.0 = Release|Any CPU
	EndGlobalSection
	GlobalSection(SolutionProperties) = preSolution
		HideSolutionNode = FALSE
	EndGlobalSection
EndGlobal
