
Microsoft Visual Studio Solution File, Format Version 12.00
# Visual Studio Version 17
VisualStudioVersion = 17.12.35514.174
MinimumVisualStudioVersion = 10.0.40219.1
Project("{FAE04EC0-301F-11D3-BF4B-00C04F79EFBC}") = "Day2_1_LevelReportSafety", "Day2_1_LevelReportSafety\Day2_1_LevelReportSafety.csproj", "{69F50EC4-17EF-4179-AB02-37C43C2C4435}"
EndProject
Project("{FAE04EC0-301F-11D3-BF4B-00C04F79EFBC}") = "Day1_1_TotalListDistance", "Day1_1_TotalListDistance\Day1_1_TotalListDistance.csproj", "{4668A929-AFEF-4735-8862-25B1E4923771}"
EndProject
Project("{FAE04EC0-301F-11D3-BF4B-00C04F79EFBC}") = "Day1_2_ListSimilarityScore", "Day1_2_ListSimilarityScore\Day1_2_ListSimilarityScore.csproj", "{09AAA0B1-B479-4F72-9DFF-AC973B1AC7C5}"
EndProject
Project("{FAE04EC0-301F-11D3-BF4B-00C04F79EFBC}") = "Day2_2_LevelReportSafetyDampened", "Day2_2_LevelReportSafetyDampened\Day2_2_LevelReportSafetyDampened.csproj", "{742CDEEC-B421-4402-8A04-6128EF51B558}"
EndProject
Project("{FAE04EC0-301F-11D3-BF4B-00C04F79EFBC}") = "Day3_1_ParseCorruptedCommandStream", "Day3_1_ParseCorruptedCommandStream\Day3_1_ParseCorruptedCommandStream.csproj", "{2331872C-DFDE-43A3-BFB0-7C1B9A181088}"
EndProject
Project("{FAE04EC0-301F-11D3-BF4B-00C04F79EFBC}") = "Day3_2_ParseCorruptedCommandStreamWithControlFlow", "Day3_2_ParseCorruptedCommandStreamWithControlFlow\Day3_2_ParseCorruptedCommandStreamWithControlFlow.csproj", "{535345A6-5B3E-4D0A-ACE3-9E19E7029DC9}"
EndProject
Project("{FAE04EC0-301F-11D3-BF4B-00C04F79EFBC}") = "Day4_1_WordSearchSolver", "Day4_1_WordSearchSolver\Day4_1_WordSearchSolver.csproj", "{D0E66A06-7819-4A86-9B2C-1AEEEB433394}"
EndProject
Project("{FAE04EC0-301F-11D3-BF4B-00C04F79EFBC}") = "Day4_2_WordSearchSolver2D", "Day4_2WordSearchSolver2D\Day4_2_WordSearchSolver2D.csproj", "{65F05DB4-4D8A-4A14-9D5D-7CDB3264DCAC}"
EndProject
Project("{FAE04EC0-301F-11D3-BF4B-00C04F79EFBC}") = "Day5_1_PrintingOrder", "Day5_1PrintingOrder\Day5_1_PrintingOrder.csproj", "{CE42905E-0A2F-4488-B8FD-ACF8E7980783}"
EndProject
Project("{FAE04EC0-301F-11D3-BF4B-00C04F79EFBC}") = "Day5_2_CorrectedPrintingOrder", "Day5_2_CorrectedPrintingOrder\Day5_2_CorrectedPrintingOrder.csproj", "{B86791F8-23B3-452F-9233-B7051D3EDCA8}"
EndProject
Project("{FAE04EC0-301F-11D3-BF4B-00C04F79EFBC}") = "Day6_1_GuardPatrolPath", "Day6_1_GuardPatrolPath\Day6_1_GuardPatrolPath.csproj", "{E686108F-660B-4419-AF64-4100D0C1DB23}"
EndProject
Project("{FAE04EC0-301F-11D3-BF4B-00C04F79EFBC}") = "Day6_2_GuardPatrolPathInfiniteLoop", "Day6_2_GuardPatrolPathInfiniteLoop\Day6_2_GuardPatrolPathInfiniteLoop.csproj", "{EF552C7E-F9C6-4A48-9A23-9DD6E2DD2039}"
EndProject
Global
	GlobalSection(SolutionConfigurationPlatforms) = preSolution
		Debug|Any CPU = Debug|Any CPU
		Release|Any CPU = Release|Any CPU
	EndGlobalSection
	GlobalSection(ProjectConfigurationPlatforms) = postSolution
		{69F50EC4-17EF-4179-AB02-37C43C2C4435}.Debug|Any CPU.ActiveCfg = Debug|Any CPU
		{69F50EC4-17EF-4179-AB02-37C43C2C4435}.Debug|Any CPU.Build.0 = Debug|Any CPU
		{69F50EC4-17EF-4179-AB02-37C43C2C4435}.Release|Any CPU.ActiveCfg = Release|Any CPU
		{69F50EC4-17EF-4179-AB02-37C43C2C4435}.Release|Any CPU.Build.0 = Release|Any CPU
		{4668A929-AFEF-4735-8862-25B1E4923771}.Debug|Any CPU.ActiveCfg = Debug|Any CPU
		{4668A929-AFEF-4735-8862-25B1E4923771}.Debug|Any CPU.Build.0 = Debug|Any CPU
		{4668A929-AFEF-4735-8862-25B1E4923771}.Release|Any CPU.ActiveCfg = Release|Any CPU
		{4668A929-AFEF-4735-8862-25B1E4923771}.Release|Any CPU.Build.0 = Release|Any CPU
		{09AAA0B1-B479-4F72-9DFF-AC973B1AC7C5}.Debug|Any CPU.ActiveCfg = Debug|Any CPU
		{09AAA0B1-B479-4F72-9DFF-AC973B1AC7C5}.Debug|Any CPU.Build.0 = Debug|Any CPU
		{09AAA0B1-B479-4F72-9DFF-AC973B1AC7C5}.Release|Any CPU.ActiveCfg = Release|Any CPU
		{09AAA0B1-B479-4F72-9DFF-AC973B1AC7C5}.Release|Any CPU.Build.0 = Release|Any CPU
		{742CDEEC-B421-4402-8A04-6128EF51B558}.Debug|Any CPU.ActiveCfg = Debug|Any CPU
		{742CDEEC-B421-4402-8A04-6128EF51B558}.Debug|Any CPU.Build.0 = Debug|Any CPU
		{742CDEEC-B421-4402-8A04-6128EF51B558}.Release|Any CPU.ActiveCfg = Release|Any CPU
		{742CDEEC-B421-4402-8A04-6128EF51B558}.Release|Any CPU.Build.0 = Release|Any CPU
		{2331872C-DFDE-43A3-BFB0-7C1B9A181088}.Debug|Any CPU.ActiveCfg = Debug|Any CPU
		{2331872C-DFDE-43A3-BFB0-7C1B9A181088}.Debug|Any CPU.Build.0 = Debug|Any CPU
		{2331872C-DFDE-43A3-BFB0-7C1B9A181088}.Release|Any CPU.ActiveCfg = Release|Any CPU
		{2331872C-DFDE-43A3-BFB0-7C1B9A181088}.Release|Any CPU.Build.0 = Release|Any CPU
		{535345A6-5B3E-4D0A-ACE3-9E19E7029DC9}.Debug|Any CPU.ActiveCfg = Debug|Any CPU
		{535345A6-5B3E-4D0A-ACE3-9E19E7029DC9}.Debug|Any CPU.Build.0 = Debug|Any CPU
		{535345A6-5B3E-4D0A-ACE3-9E19E7029DC9}.Release|Any CPU.ActiveCfg = Release|Any CPU
		{535345A6-5B3E-4D0A-ACE3-9E19E7029DC9}.Release|Any CPU.Build.0 = Release|Any CPU
		{D0E66A06-7819-4A86-9B2C-1AEEEB433394}.Debug|Any CPU.ActiveCfg = Debug|Any CPU
		{D0E66A06-7819-4A86-9B2C-1AEEEB433394}.Debug|Any CPU.Build.0 = Debug|Any CPU
		{D0E66A06-7819-4A86-9B2C-1AEEEB433394}.Release|Any CPU.ActiveCfg = Release|Any CPU
		{D0E66A06-7819-4A86-9B2C-1AEEEB433394}.Release|Any CPU.Build.0 = Release|Any CPU
		{65F05DB4-4D8A-4A14-9D5D-7CDB3264DCAC}.Debug|Any CPU.ActiveCfg = Debug|Any CPU
		{65F05DB4-4D8A-4A14-9D5D-7CDB3264DCAC}.Debug|Any CPU.Build.0 = Debug|Any CPU
		{65F05DB4-4D8A-4A14-9D5D-7CDB3264DCAC}.Release|Any CPU.ActiveCfg = Release|Any CPU
		{65F05DB4-4D8A-4A14-9D5D-7CDB3264DCAC}.Release|Any CPU.Build.0 = Release|Any CPU
		{CE42905E-0A2F-4488-B8FD-ACF8E7980783}.Debug|Any CPU.ActiveCfg = Debug|Any CPU
		{CE42905E-0A2F-4488-B8FD-ACF8E7980783}.Debug|Any CPU.Build.0 = Debug|Any CPU
		{CE42905E-0A2F-4488-B8FD-ACF8E7980783}.Release|Any CPU.ActiveCfg = Release|Any CPU
		{CE42905E-0A2F-4488-B8FD-ACF8E7980783}.Release|Any CPU.Build.0 = Release|Any CPU
		{B86791F8-23B3-452F-9233-B7051D3EDCA8}.Debug|Any CPU.ActiveCfg = Debug|Any CPU
		{B86791F8-23B3-452F-9233-B7051D3EDCA8}.Debug|Any CPU.Build.0 = Debug|Any CPU
		{B86791F8-23B3-452F-9233-B7051D3EDCA8}.Release|Any CPU.ActiveCfg = Release|Any CPU
		{B86791F8-23B3-452F-9233-B7051D3EDCA8}.Release|Any CPU.Build.0 = Release|Any CPU
		{E686108F-660B-4419-AF64-4100D0C1DB23}.Debug|Any CPU.ActiveCfg = Debug|Any CPU
		{E686108F-660B-4419-AF64-4100D0C1DB23}.Debug|Any CPU.Build.0 = Debug|Any CPU
		{E686108F-660B-4419-AF64-4100D0C1DB23}.Release|Any CPU.ActiveCfg = Release|Any CPU
		{E686108F-660B-4419-AF64-4100D0C1DB23}.Release|Any CPU.Build.0 = Release|Any CPU
		{EF552C7E-F9C6-4A48-9A23-9DD6E2DD2039}.Debug|Any CPU.ActiveCfg = Debug|Any CPU
		{EF552C7E-F9C6-4A48-9A23-9DD6E2DD2039}.Debug|Any CPU.Build.0 = Debug|Any CPU
		{EF552C7E-F9C6-4A48-9A23-9DD6E2DD2039}.Release|Any CPU.ActiveCfg = Release|Any CPU
		{EF552C7E-F9C6-4A48-9A23-9DD6E2DD2039}.Release|Any CPU.Build.0 = Release|Any CPU
	EndGlobalSection
	GlobalSection(SolutionProperties) = preSolution
		HideSolutionNode = FALSE
	EndGlobalSection
EndGlobal
